
Microsoft Visual Studio Solution File, Format Version 12.00
# Visual Studio Version 17
VisualStudioVersion = 17.4.33213.308
MinimumVisualStudioVersion = 10.0.40219.1
Project("{FAE04EC0-301F-11D3-BF4B-00C04F79EFBC}") = "TechnicalTestApp", "TechnicalTestApp\TechnicalTestApp.csproj", "{FA3E4F0C-8834-41AA-8AF7-031F0FBD84FB}"
EndProject
Global
	GlobalSection(SolutionConfigurationPlatforms) = preSolution
		Debug|Any CPU = Debug|Any CPU
		Release|Any CPU = Release|Any CPU
	EndGlobalSection
	GlobalSection(ProjectConfigurationPlatforms) = postSolution
		{FA3E4F0C-8834-41AA-8AF7-031F0FBD84FB}.Debug|Any CPU.ActiveCfg = Debug|Any CPU
		{FA3E4F0C-8834-41AA-8AF7-031F0FBD84FB}.Debug|Any CPU.Build.0 = Debug|Any CPU
		{FA3E4F0C-8834-41AA-8AF7-031F0FBD84FB}.Release|Any CPU.ActiveCfg = Release|Any CPU
		{FA3E4F0C-8834-41AA-8AF7-031F0FBD84FB}.Release|Any CPU.Build.0 = Release|Any CPU
	EndGlobalSection
	GlobalSection(SolutionProperties) = preSolution
		HideSolutionNode = FALSE
	EndGlobalSection
	GlobalSection(ExtensibilityGlobals) = postSolution
		SolutionGuid = {3FDA2E9A-759F-438E-B6F1-E73DE13B9E36}
	EndGlobalSection
EndGlobal
